
Microsoft Visual Studio Solution File, Format Version 12.00
# Visual Studio Version 16
VisualStudioVersion = 16.0.32228.343
MinimumVisualStudioVersion = 10.0.40219.1
Project("{FAE04EC0-301F-11D3-BF4B-00C04F79EFBC}") = "AspNetMVCOrnek_UI", "AspNetMVCOrnek_UI\AspNetMVCOrnek_UI.csproj", "{A8307522-EA29-49A8-A155-2472454ED13D}"
EndProject
Project("{FAE04EC0-301F-11D3-BF4B-00C04F79EFBC}") = "AspNetMVCOrnek_EntityLayer", "AspNetMVCOrnek_EntityLayer\AspNetMVCOrnek_EntityLayer.csproj", "{BA6717CE-3486-4028-B519-E360C174C49B}"
EndProject
Project("{FAE04EC0-301F-11D3-BF4B-00C04F79EFBC}") = "AspNetMVCOrnek_DataAccessLayer", "AspNetMVCOrnek_DataAccessLayer\AspNetMVCOrnek_DataAccessLayer.csproj", "{1586F4F0-C340-4752-BF40-8E035D96223B}"
EndProject
Project("{FAE04EC0-301F-11D3-BF4B-00C04F79EFBC}") = "AspNetMVCOrnek_BusinessLayer", "AspNetMVCOrnek_BussinessLayer\AspNetMVCOrnek_BusinessLayer.csproj", "{25E7B0FF-8922-4B56-BC95-CE1574E30D74}"
EndProject
Global
	GlobalSection(SolutionConfigurationPlatforms) = preSolution
		Debug|Any CPU = Debug|Any CPU
		Release|Any CPU = Release|Any CPU
	EndGlobalSection
	GlobalSection(ProjectConfigurationPlatforms) = postSolution
		{A8307522-EA29-49A8-A155-2472454ED13D}.Debug|Any CPU.ActiveCfg = Debug|Any CPU
		{A8307522-EA29-49A8-A155-2472454ED13D}.Debug|Any CPU.Build.0 = Debug|Any CPU
		{A8307522-EA29-49A8-A155-2472454ED13D}.Release|Any CPU.ActiveCfg = Release|Any CPU
		{A8307522-EA29-49A8-A155-2472454ED13D}.Release|Any CPU.Build.0 = Release|Any CPU
		{BA6717CE-3486-4028-B519-E360C174C49B}.Debug|Any CPU.ActiveCfg = Debug|Any CPU
		{BA6717CE-3486-4028-B519-E360C174C49B}.Debug|Any CPU.Build.0 = Debug|Any CPU
		{BA6717CE-3486-4028-B519-E360C174C49B}.Release|Any CPU.ActiveCfg = Release|Any CPU
		{BA6717CE-3486-4028-B519-E360C174C49B}.Release|Any CPU.Build.0 = Release|Any CPU
		{1586F4F0-C340-4752-BF40-8E035D96223B}.Debug|Any CPU.ActiveCfg = Debug|Any CPU
		{1586F4F0-C340-4752-BF40-8E035D96223B}.Debug|Any CPU.Build.0 = Debug|Any CPU
		{1586F4F0-C340-4752-BF40-8E035D96223B}.Release|Any CPU.ActiveCfg = Release|Any CPU
		{1586F4F0-C340-4752-BF40-8E035D96223B}.Release|Any CPU.Build.0 = Release|Any CPU
		{25E7B0FF-8922-4B56-BC95-CE1574E30D74}.Debug|Any CPU.ActiveCfg = Debug|Any CPU
		{25E7B0FF-8922-4B56-BC95-CE1574E30D74}.Debug|Any CPU.Build.0 = Debug|Any CPU
		{25E7B0FF-8922-4B56-BC95-CE1574E30D74}.Release|Any CPU.ActiveCfg = Release|Any CPU
		{25E7B0FF-8922-4B56-BC95-CE1574E30D74}.Release|Any CPU.Build.0 = Release|Any CPU
	EndGlobalSection
	GlobalSection(SolutionProperties) = preSolution
		HideSolutionNode = FALSE
	EndGlobalSection
	GlobalSection(ExtensibilityGlobals) = postSolution
		SolutionGuid = {DA656A59-DDEF-40EC-A415-F1EDA1F6AE8B}
	EndGlobalSection
EndGlobal
